
Microsoft Visual Studio Solution File, Format Version 12.00
# Visual Studio Version 17
VisualStudioVersion = 17.9.34723.18
MinimumVisualStudioVersion = 10.0.40219.1
Project("{FAE04EC0-301F-11D3-BF4B-00C04F79EFBC}") = "SlapperApp", "SlapperApp\SlapperApp.csproj", "{10ABAD78-0ADB-42DB-AE02-DF0C550C2FE1}"
EndProject
Global
	GlobalSection(SolutionConfigurationPlatforms) = preSolution
		Debug|Any CPU = Debug|Any CPU
		Release|Any CPU = Release|Any CPU
	EndGlobalSection
	GlobalSection(ProjectConfigurationPlatforms) = postSolution
		{10ABAD78-0ADB-42DB-AE02-DF0C550C2FE1}.Debug|Any CPU.ActiveCfg = Debug|Any CPU
		{10ABAD78-0ADB-42DB-AE02-DF0C550C2FE1}.Debug|Any CPU.Build.0 = Debug|Any CPU
		{10ABAD78-0ADB-42DB-AE02-DF0C550C2FE1}.Release|Any CPU.ActiveCfg = Release|Any CPU
		{10ABAD78-0ADB-42DB-AE02-DF0C550C2FE1}.Release|Any CPU.Build.0 = Release|Any CPU
	EndGlobalSection
	GlobalSection(SolutionProperties) = preSolution
		HideSolutionNode = FALSE
	EndGlobalSection
	GlobalSection(ExtensibilityGlobals) = postSolution
		SolutionGuid = {9E39C714-BFF4-441D-900E-6999E1A61930}
	EndGlobalSection
EndGlobal
